
Microsoft Visual Studio Solution File, Format Version 12.00
# Visual Studio Version 17
VisualStudioVersion = 17.4.33110.190
MinimumVisualStudioVersion = 10.0.40219.1
Project("{54A90642-561A-4BB1-A94E-469ADEE60C69}") = "reactapp", "ReactApp\reactapp.esproj", "{052BE2C0-04DF-448D-8A4B-7954CE652FE4}"
EndProject
Project("{FAE04EC0-301F-11D3-BF4B-00C04F79EFBC}") = "Api", "Api\Api.csproj", "{789C71EB-2126-4B96-8D96-54C3E514985C}"
EndProject
Project("{FAE04EC0-301F-11D3-BF4B-00C04F79EFBC}") = "Domain", "Domain\Domain.csproj", "{19338200-D01D-4D17-92EF-31B39E178DBB}"
EndProject
Project("{FAE04EC0-301F-11D3-BF4B-00C04F79EFBC}") = "Infrastructure", "Infrastructure\Infrastructure.csproj", "{68CCDFBC-E786-4986-9FFB-BD389E0D4FC9}"
EndProject
Project("{FAE04EC0-301F-11D3-BF4B-00C04F79EFBC}") = "Application", "Application\Application.csproj", "{05B09057-1C5D-4ED7-833B-0D8689267F94}"
EndProject
Global
	GlobalSection(SolutionConfigurationPlatforms) = preSolution
		Debug|Any CPU = Debug|Any CPU
		Release|Any CPU = Release|Any CPU
	EndGlobalSection
	GlobalSection(ProjectConfigurationPlatforms) = postSolution
		{052BE2C0-04DF-448D-8A4B-7954CE652FE4}.Debug|Any CPU.ActiveCfg = Debug|Any CPU
		{052BE2C0-04DF-448D-8A4B-7954CE652FE4}.Debug|Any CPU.Build.0 = Debug|Any CPU
		{052BE2C0-04DF-448D-8A4B-7954CE652FE4}.Debug|Any CPU.Deploy.0 = Debug|Any CPU
		{052BE2C0-04DF-448D-8A4B-7954CE652FE4}.Release|Any CPU.ActiveCfg = Release|Any CPU
		{052BE2C0-04DF-448D-8A4B-7954CE652FE4}.Release|Any CPU.Build.0 = Release|Any CPU
		{052BE2C0-04DF-448D-8A4B-7954CE652FE4}.Release|Any CPU.Deploy.0 = Release|Any CPU
		{789C71EB-2126-4B96-8D96-54C3E514985C}.Debug|Any CPU.ActiveCfg = Debug|Any CPU
		{789C71EB-2126-4B96-8D96-54C3E514985C}.Debug|Any CPU.Build.0 = Debug|Any CPU
		{789C71EB-2126-4B96-8D96-54C3E514985C}.Release|Any CPU.ActiveCfg = Release|Any CPU
		{789C71EB-2126-4B96-8D96-54C3E514985C}.Release|Any CPU.Build.0 = Release|Any CPU
		{19338200-D01D-4D17-92EF-31B39E178DBB}.Debug|Any CPU.ActiveCfg = Debug|Any CPU
		{19338200-D01D-4D17-92EF-31B39E178DBB}.Debug|Any CPU.Build.0 = Debug|Any CPU
		{19338200-D01D-4D17-92EF-31B39E178DBB}.Release|Any CPU.ActiveCfg = Release|Any CPU
		{19338200-D01D-4D17-92EF-31B39E178DBB}.Release|Any CPU.Build.0 = Release|Any CPU
		{68CCDFBC-E786-4986-9FFB-BD389E0D4FC9}.Debug|Any CPU.ActiveCfg = Debug|Any CPU
		{68CCDFBC-E786-4986-9FFB-BD389E0D4FC9}.Debug|Any CPU.Build.0 = Debug|Any CPU
		{68CCDFBC-E786-4986-9FFB-BD389E0D4FC9}.Release|Any CPU.ActiveCfg = Release|Any CPU
		{68CCDFBC-E786-4986-9FFB-BD389E0D4FC9}.Release|Any CPU.Build.0 = Release|Any CPU
		{05B09057-1C5D-4ED7-833B-0D8689267F94}.Debug|Any CPU.ActiveCfg = Debug|Any CPU
		{05B09057-1C5D-4ED7-833B-0D8689267F94}.Debug|Any CPU.Build.0 = Debug|Any CPU
		{05B09057-1C5D-4ED7-833B-0D8689267F94}.Release|Any CPU.ActiveCfg = Release|Any CPU
		{05B09057-1C5D-4ED7-833B-0D8689267F94}.Release|Any CPU.Build.0 = Release|Any CPU
	EndGlobalSection
	GlobalSection(SolutionProperties) = preSolution
		HideSolutionNode = FALSE
	EndGlobalSection
	GlobalSection(ExtensibilityGlobals) = postSolution
		SolutionGuid = {EE11042A-6570-4B1A-8B03-1F39C9B90EA4}
	EndGlobalSection
EndGlobal
